// !$*UTF8*$!
{
	archiveVersion = 1;
	classes = {
	};
	objectVersion = 50;
	objects = {

/* Begin PBXBuildFile section */
		1D6A0A11210730DD00E1088E /* AppDelegate.swift in Sources */ = {isa = PBXBuildFile; fileRef = 1D6A0A10210730DD00E1088E /* AppDelegate.swift */; };
		1D6A0A16210730DD00E1088E /* Main.storyboard in Resources */ = {isa = PBXBuildFile; fileRef = 1D6A0A14210730DD00E1088E /* Main.storyboard */; };
		1D6A0A19210730DD00E1088E /* London_Meetings.xcdatamodeld in Sources */ = {isa = PBXBuildFile; fileRef = 1D6A0A17210730DD00E1088E /* London_Meetings.xcdatamodeld */; };
		1D6A0A1B210730DD00E1088E /* Assets.xcassets in Resources */ = {isa = PBXBuildFile; fileRef = 1D6A0A1A210730DD00E1088E /* Assets.xcassets */; };
		1D6A0A1E210730DD00E1088E /* LaunchScreen.storyboard in Resources */ = {isa = PBXBuildFile; fileRef = 1D6A0A1C210730DD00E1088E /* LaunchScreen.storyboard */; };
		1D6A0A282107341700E1088E /* TableViewController.swift in Sources */ = {isa = PBXBuildFile; fileRef = 1D6A0A272107341700E1088E /* TableViewController.swift */; };
		1D6A0A2A210C8B9100E1088E /* meetings.json in Resources */ = {isa = PBXBuildFile; fileRef = 1D6A0A29210C8B9000E1088E /* meetings.json */; };
		1D6A0A2C210E5DEE00E1088E /* PopupTableViewController.swift in Sources */ = {isa = PBXBuildFile; fileRef = 1D6A0A2B210E5DEE00E1088E /* PopupTableViewController.swift */; };
		1D6A0A56210F820200E1088E /* NavigationViewController.swift in Sources */ = {isa = PBXBuildFile; fileRef = 1D6A0A55210F820200E1088E /* NavigationViewController.swift */; };
		1D6A0A5A2111C28E00E1088E /* MapViewController.swift in Sources */ = {isa = PBXBuildFile; fileRef = 1D6A0A592111C28E00E1088E /* MapViewController.swift */; };
/* End PBXBuildFile section */

/* Begin PBXFileReference section */
		1D6A0A0D210730DD00E1088E /* London Meetings.app */ = {isa = PBXFileReference; explicitFileType = wrapper.application; includeInIndex = 0; path = "London Meetings.app"; sourceTree = BUILT_PRODUCTS_DIR; };
		1D6A0A10210730DD00E1088E /* AppDelegate.swift */ = {isa = PBXFileReference; lastKnownFileType = sourcecode.swift; path = AppDelegate.swift; sourceTree = "<group>"; };
		1D6A0A15210730DD00E1088E /* Base */ = {isa = PBXFileReference; lastKnownFileType = file.storyboard; name = Base; path = Base.lproj/Main.storyboard; sourceTree = "<group>"; };
		1D6A0A18210730DD00E1088E /* London_Meetings.xcdatamodel */ = {isa = PBXFileReference; lastKnownFileType = wrapper.xcdatamodel; path = London_Meetings.xcdatamodel; sourceTree = "<group>"; };
		1D6A0A1A210730DD00E1088E /* Assets.xcassets */ = {isa = PBXFileReference; lastKnownFileType = folder.assetcatalog; path = Assets.xcassets; sourceTree = "<group>"; };
		1D6A0A1D210730DD00E1088E /* Base */ = {isa = PBXFileReference; lastKnownFileType = file.storyboard; name = Base; path = Base.lproj/LaunchScreen.storyboard; sourceTree = "<group>"; };
		1D6A0A1F210730DD00E1088E /* Info.plist */ = {isa = PBXFileReference; lastKnownFileType = text.plist.xml; path = Info.plist; sourceTree = "<group>"; };
		1D6A0A272107341700E1088E /* TableViewController.swift */ = {isa = PBXFileReference; lastKnownFileType = sourcecode.swift; path = TableViewController.swift; sourceTree = "<group>"; };
		1D6A0A29210C8B9000E1088E /* meetings.json */ = {isa = PBXFileReference; fileEncoding = 4; lastKnownFileType = text.json; path = meetings.json; sourceTree = "<group>"; };
		1D6A0A2B210E5DEE00E1088E /* PopupTableViewController.swift */ = {isa = PBXFileReference; lastKnownFileType = sourcecode.swift; path = PopupTableViewController.swift; sourceTree = "<group>"; };
		1D6A0A55210F820200E1088E /* NavigationViewController.swift */ = {isa = PBXFileReference; lastKnownFileType = sourcecode.swift; path = NavigationViewController.swift; sourceTree = "<group>"; };
		1D6A0A592111C28E00E1088E /* MapViewController.swift */ = {isa = PBXFileReference; lastKnownFileType = sourcecode.swift; path = MapViewController.swift; sourceTree = "<group>"; };
/* End PBXFileReference section */

/* Begin PBXFrameworksBuildPhase section */
		1D6A0A0A210730DD00E1088E /* Frameworks */ = {
			isa = PBXFrameworksBuildPhase;
			buildActionMask = 2147483647;
			files = (
			);
			runOnlyForDeploymentPostprocessing = 0;
		};
/* End PBXFrameworksBuildPhase section */

/* Begin PBXGroup section */
		1D6A0A04210730DD00E1088E = {
			isa = PBXGroup;
			children = (
				1D6A0A0F210730DD00E1088E /* London Meetings */,
				1D6A0A0E210730DD00E1088E /* Products */,
			);
			sourceTree = "<group>";
		};
		1D6A0A0E210730DD00E1088E /* Products */ = {
			isa = PBXGroup;
			children = (
				1D6A0A0D210730DD00E1088E /* London Meetings.app */,
			);
			name = Products;
			sourceTree = "<group>";
		};
		1D6A0A0F210730DD00E1088E /* London Meetings */ = {
			isa = PBXGroup;
			children = (
				1D6A0A29210C8B9000E1088E /* meetings.json */,
				1D6A0A10210730DD00E1088E /* AppDelegate.swift */,
				1D6A0A272107341700E1088E /* TableViewController.swift */,
				1D6A0A2B210E5DEE00E1088E /* PopupTableViewController.swift */,
				1D6A0A55210F820200E1088E /* NavigationViewController.swift */,
				1D6A0A14210730DD00E1088E /* Main.storyboard */,
				1D6A0A1A210730DD00E1088E /* Assets.xcassets */,
				1D6A0A1C210730DD00E1088E /* LaunchScreen.storyboard */,
				1D6A0A1F210730DD00E1088E /* Info.plist */,
				1D6A0A17210730DD00E1088E /* London_Meetings.xcdatamodeld */,
				1D6A0A592111C28E00E1088E /* MapViewController.swift */,
			);
			path = "London Meetings";
			sourceTree = "<group>";
		};
/* End PBXGroup section */

/* Begin PBXNativeTarget section */
		1D6A0A0C210730DD00E1088E /* London Meetings */ = {
			isa = PBXNativeTarget;
			buildConfigurationList = 1D6A0A22210730DD00E1088E /* Build configuration list for PBXNativeTarget "London Meetings" */;
			buildPhases = (
				1D6A0A09210730DD00E1088E /* Sources */,
				1D6A0A0A210730DD00E1088E /* Frameworks */,
				1D6A0A0B210730DD00E1088E /* Resources */,
			);
			buildRules = (
			);
			dependencies = (
			);
			name = "London Meetings";
			productName = "London Meetings";
			productReference = 1D6A0A0D210730DD00E1088E /* London Meetings.app */;
			productType = "com.apple.product-type.application";
		};
/* End PBXNativeTarget section */

/* Begin PBXProject section */
		1D6A0A05210730DD00E1088E /* Project object */ = {
			isa = PBXProject;
			attributes = {
				LastSwiftUpdateCheck = 0940;
				LastUpgradeCheck = 0940;
				ORGANIZATIONNAME = "Steve O'Connor";
				TargetAttributes = {
					1D6A0A0C210730DD00E1088E = {
						CreatedOnToolsVersion = 9.4.1;
					};
				};
			};
			buildConfigurationList = 1D6A0A08210730DD00E1088E /* Build configuration list for PBXProject "London Meetings" */;
			compatibilityVersion = "Xcode 9.3";
			developmentRegion = en;
			hasScannedForEncodings = 0;
			knownRegions = (
				en,
				Base,
			);
			mainGroup = 1D6A0A04210730DD00E1088E;
			productRefGroup = 1D6A0A0E210730DD00E1088E /* Products */;
			projectDirPath = "";
			projectRoot = "";
			targets = (
				1D6A0A0C210730DD00E1088E /* London Meetings */,
			);
		};
/* End PBXProject section */

/* Begin PBXResourcesBuildPhase section */
		1D6A0A0B210730DD00E1088E /* Resources */ = {
			isa = PBXResourcesBuildPhase;
			buildActionMask = 2147483647;
			files = (
				1D6A0A1E210730DD00E1088E /* LaunchScreen.storyboard in Resources */,
				1D6A0A2A210C8B9100E1088E /* meetings.json in Resources */,
				1D6A0A1B210730DD00E1088E /* Assets.xcassets in Resources */,
				1D6A0A16210730DD00E1088E /* Main.storyboard in Resources */,
			);
			runOnlyForDeploymentPostprocessing = 0;
		};
/* End PBXResourcesBuildPhase section */

/* Begin PBXSourcesBuildPhase section */
		1D6A0A09210730DD00E1088E /* Sources */ = {
			isa = PBXSourcesBuildPhase;
			buildActionMask = 2147483647;
			files = (
				1D6A0A2C210E5DEE00E1088E /* PopupTableViewController.swift in Sources */,
				1D6A0A5A2111C28E00E1088E /* MapViewController.swift in Sources */,
				1D6A0A19210730DD00E1088E /* London_Meetings.xcdatamodeld in Sources */,
				1D6A0A282107341700E1088E /* TableViewController.swift in Sources */,
				1D6A0A56210F820200E1088E /* NavigationViewController.swift in Sources */,
				1D6A0A11210730DD00E1088E /* AppDelegate.swift in Sources */,
			);
			runOnlyForDeploymentPostprocessing = 0;
		};
/* End PBXSourcesBuildPhase section */

/* Begin PBXVariantGroup section */
		1D6A0A14210730DD00E1088E /* Main.storyboard */ = {
			isa = PBXVariantGroup;
			children = (
				1D6A0A15210730DD00E1088E /* Base */,
			);
			name = Main.storyboard;
			sourceTree = "<group>";
		};
		1D6A0A1C210730DD00E1088E /* LaunchScreen.storyboard */ = {
			isa = PBXVariantGroup;
			children = (
				1D6A0A1D210730DD00E1088E /* Base */,
			);
			name = LaunchScreen.storyboard;
			sourceTree = "<group>";
		};
/* End PBXVariantGroup section */

/* Begin XCBuildConfiguration section */
		1D6A0A20210730DD00E1088E /* Debug */ = {
			isa = XCBuildConfiguration;
			buildSettings = {
				ALWAYS_SEARCH_USER_PATHS = NO;
				CLANG_ANALYZER_NONNULL = YES;
				CLANG_ANALYZER_NUMBER_OBJECT_CONVERSION = YES_AGGRESSIVE;
				CLANG_CXX_LANGUAGE_STANDARD = "gnu++14";
				CLANG_CXX_LIBRARY = "libc++";
				CLANG_ENABLE_MODULES = YES;
				CLANG_ENABLE_OBJC_ARC = YES;
				CLANG_ENABLE_OBJC_WEAK = YES;
				CLANG_WARN_BLOCK_CAPTURE_AUTORELEASING = YES;
				CLANG_WARN_BOOL_CONVERSION = YES;
				CLANG_WARN_COMMA = YES;
				CLANG_WARN_CONSTANT_CONVERSION = YES;
				CLANG_WARN_DEPRECATED_OBJC_IMPLEMENTATIONS = YES;
				CLANG_WARN_DIRECT_OBJC_ISA_USAGE = YES_ERROR;
				CLANG_WARN_DOCUMENTATION_COMMENTS = YES;
				CLANG_WARN_EMPTY_BODY = YES;
				CLANG_WARN_ENUM_CONVERSION = YES;
				CLANG_WARN_INFINITE_RECURSION = YES;
				CLANG_WARN_INT_CONVERSION = YES;
				CLANG_WARN_NON_LITERAL_NULL_CONVERSION = YES;
				CLANG_WARN_OBJC_IMPLICIT_RETAIN_SELF = YES;
				CLANG_WARN_OBJC_LITERAL_CONVERSION = YES;
				CLANG_WARN_OBJC_ROOT_CLASS = YES_ERROR;
				CLANG_WARN_RANGE_LOOP_ANALYSIS = YES;
				CLANG_WARN_STRICT_PROTOTYPES = YES;
				CLANG_WARN_SUSPICIOUS_MOVE = YES;
				CLANG_WARN_UNGUARDED_AVAILABILITY = YES_AGGRESSIVE;
				CLANG_WARN_UNREACHABLE_CODE = YES;
				CLANG_WARN__DUPLICATE_METHOD_MATCH = YES;
				CODE_SIGN_IDENTITY = "iPhone Developer";
				COPY_PHASE_STRIP = NO;
				DEBUG_INFORMATION_FORMAT = dwarf;
				ENABLE_STRICT_OBJC_MSGSEND = YES;
				ENABLE_TESTABILITY = YES;
				GCC_C_LANGUAGE_STANDARD = gnu11;
				GCC_DYNAMIC_NO_PIC = NO;
				GCC_NO_COMMON_BLOCKS = YES;
				GCC_OPTIMIZATION_LEVEL = 0;
				GCC_PREPROCESSOR_DEFINITIONS = (
					"DEBUG=1",
					"$(inherited)",
				);
				GCC_WARN_64_TO_32_BIT_CONVERSION = YES;
				GCC_WARN_ABOUT_RETURN_TYPE = YES_ERROR;
				GCC_WARN_UNDECLARED_SELECTOR = YES;
				GCC_WARN_UNINITIALIZED_AUTOS = YES_AGGRESSIVE;
				GCC_WARN_UNUSED_FUNCTION = YES;
				GCC_WARN_UNUSED_VARIABLE = YES;
				IPHONEOS_DEPLOYMENT_TARGET = 11.4;
				MTL_ENABLE_DEBUG_INFO = YES;
				ONLY_ACTIVE_ARCH = YES;
				SDKROOT = iphoneos;
				SWIFT_ACTIVE_COMPILATION_CONDITIONS = DEBUG;
				SWIFT_OPTIMIZATION_LEVEL = "-Onone";
			};
			name = Debug;
		};
		1D6A0A21210730DD00E1088E /* Release */ = {
			isa = XCBuildConfiguration;
			buildSettings = {
				ALWAYS_SEARCH_USER_PATHS = NO;
				CLANG_ANALYZER_NONNULL = YES;
				CLANG_ANALYZER_NUMBER_OBJECT_CONVERSION = YES_AGGRESSIVE;
				CLANG_CXX_LANGUAGE_STANDARD = "gnu++14";
				CLANG_CXX_LIBRARY = "libc++";
				CLANG_ENABLE_MODULES = YES;
				CLANG_ENABLE_OBJC_ARC = YES;
				CLANG_ENABLE_OBJC_WEAK = YES;
				CLANG_WARN_BLOCK_CAPTURE_AUTORELEASING = YES;
				CLANG_WARN_BOOL_CONVERSION = YES;
				CLANG_WARN_COMMA = YES;
				CLANG_WARN_CONSTANT_CONVERSION = YES;
				CLANG_WARN_DEPRECATED_OBJC_IMPLEMENTATIONS = YES;
				CLANG_WARN_DIRECT_OBJC_ISA_USAGE = YES_ERROR;
				CLANG_WARN_DOCUMENTATION_COMMENTS = YES;
				CLANG_WARN_EMPTY_BODY = YES;
				CLANG_WARN_ENUM_CONVERSION = YES;
				CLANG_WARN_INFINITE_RECURSION = YES;
				CLANG_WARN_INT_CONVERSION = YES;
				CLANG_WARN_NON_LITERAL_NULL_CONVERSION = YES;
				CLANG_WARN_OBJC_IMPLICIT_RETAIN_SELF = YES;
				CLANG_WARN_OBJC_LITERAL_CONVERSION = YES;
				CLANG_WARN_OBJC_ROOT_CLASS = YES_ERROR;
				CLANG_WARN_RANGE_LOOP_ANALYSIS = YES;
				CLANG_WARN_STRICT_PROTOTYPES = YES;
				CLANG_WARN_SUSPICIOUS_MOVE = YES;
				CLANG_WARN_UNGUARDED_AVAILABILITY = YES_AGGRESSIVE;
				CLANG_WARN_UNREACHABLE_CODE = YES;
				CLANG_WARN__DUPLICATE_METHOD_MATCH = YES;
				CODE_SIGN_IDENTITY = "iPhone Developer";
				COPY_PHASE_STRIP = NO;
				DEBUG_INFORMATION_FORMAT = "dwarf-with-dsym";
				ENABLE_NS_ASSERTIONS = NO;
				ENABLE_STRICT_OBJC_MSGSEND = YES;
				GCC_C_LANGUAGE_STANDARD = gnu11;
				GCC_NO_COMMON_BLOCKS = YES;
				GCC_WARN_64_TO_32_BIT_CONVERSION = YES;
				GCC_WARN_ABOUT_RETURN_TYPE = YES_ERROR;
				GCC_WARN_UNDECLARED_SELECTOR = YES;
				GCC_WARN_UNINITIALIZED_AUTOS = YES_AGGRESSIVE;
				GCC_WARN_UNUSED_FUNCTION = YES;
				GCC_WARN_UNUSED_VARIABLE = YES;
				IPHONEOS_DEPLOYMENT_TARGET = 11.4;
				MTL_ENABLE_DEBUG_INFO = NO;
				SDKROOT = iphoneos;
				SWIFT_COMPILATION_MODE = wholemodule;
				SWIFT_OPTIMIZATION_LEVEL = "-O";
				VALIDATE_PRODUCT = YES;
			};
			name = Release;
		};
		1D6A0A23210730DD00E1088E /* Debug */ = {
			isa = XCBuildConfiguration;
			buildSettings = {
				ASSETCATALOG_COMPILER_APPICON_NAME = AppIcon;
				CODE_SIGN_STYLE = Automatic;
				DEVELOPMENT_TEAM = 7FCXTZT7A7;
				INFOPLIST_FILE = "London Meetings/Info.plist";
				LD_RUNPATH_SEARCH_PATHS = (
					"$(inherited)",
					"@executable_path/Frameworks",
				);
				PRODUCT_BUNDLE_IDENTIFIER = "soconnor.London-Meetings";
				PRODUCT_NAME = "$(TARGET_NAME)";
				SWIFT_VERSION = 4.0;
				TARGETED_DEVICE_FAMILY = "1,2";
			};
			name = Debug;
		};
		1D6A0A24210730DD00E1088E /* Release */ = {
			isa = XCBuildConfiguration;
			buildSettings = {
				ASSETCATALOG_COMPILER_APPICON_NAME = AppIcon;
				CODE_SIGN_STYLE = Automatic;
				DEVELOPMENT_TEAM = 7FCXTZT7A7;
				INFOPLIST_FILE = "London Meetings/Info.plist";
				LD_RUNPATH_SEARCH_PATHS = (
					"$(inherited)",
					"@executable_path/Frameworks",
				);
				PRODUCT_BUNDLE_IDENTIFIER = "soconnor.London-Meetings";
				PRODUCT_NAME = "$(TARGET_NAME)";
				SWIFT_VERSION = 4.0;
				TARGETED_DEVICE_FAMILY = "1,2";
			};
			name = Release;
		};
/* End XCBuildConfiguration section */

/* Begin XCConfigurationList section */
		1D6A0A08210730DD00E1088E /* Build configuration list for PBXProject "London Meetings" */ = {
			isa = XCConfigurationList;
			buildConfigurations = (
				1D6A0A20210730DD00E1088E /* Debug */,
				1D6A0A21210730DD00E1088E /* Release */,
			);
			defaultConfigurationIsVisible = 0;
			defaultConfigurationName = Release;
		};
		1D6A0A22210730DD00E1088E /* Build configuration list for PBXNativeTarget "London Meetings" */ = {
			isa = XCConfigurationList;
			buildConfigurations = (
				1D6A0A23210730DD00E1088E /* Debug */,
				1D6A0A24210730DD00E1088E /* Release */,
			);
			defaultConfigurationIsVisible = 0;
			defaultConfigurationName = Release;
		};
/* End XCConfigurationList section */

/* Begin XCVersionGroup section */
		1D6A0A17210730DD00E1088E /* London_Meetings.xcdatamodeld */ = {
			isa = XCVersionGroup;
			children = (
				1D6A0A18210730DD00E1088E /* London_Meetings.xcdatamodel */,
			);
			currentVersion = 1D6A0A18210730DD00E1088E /* London_Meetings.xcdatamodel */;
			path = London_Meetings.xcdatamodeld;
			sourceTree = "<group>";
			versionGroupType = wrapper.xcdatamodel;
		};
/* End XCVersionGroup section */
	};
	rootObject = 1D6A0A05210730DD00E1088E /* Project object */;
}
